
Microsoft Visual Studio Solution File, Format Version 12.00
# Visual Studio 15
VisualStudioVersion = 15.0.28307.168
MinimumVisualStudioVersion = 10.0.40219.1
Project("{9A19103F-16F7-4668-BE54-9A1E7A4F7556}") = "BadmintonLt.Integration.Players.Crawler", "BadmintonLt.Integration.Players.Crawler\BadmintonLt.Integration.Players.Crawler.csproj", "{AD28CDF3-6AB1-4FDA-9B36-1DEAD51BBB0F}"
EndProject
Global
	GlobalSection(SolutionConfigurationPlatforms) = preSolution
		Debug|Any CPU = Debug|Any CPU
		Release|Any CPU = Release|Any CPU
	EndGlobalSection
	GlobalSection(ProjectConfigurationPlatforms) = postSolution
		{AD28CDF3-6AB1-4FDA-9B36-1DEAD51BBB0F}.Debug|Any CPU.ActiveCfg = Debug|Any CPU
		{AD28CDF3-6AB1-4FDA-9B36-1DEAD51BBB0F}.Debug|Any CPU.Build.0 = Debug|Any CPU
		{AD28CDF3-6AB1-4FDA-9B36-1DEAD51BBB0F}.Release|Any CPU.ActiveCfg = Release|Any CPU
		{AD28CDF3-6AB1-4FDA-9B36-1DEAD51BBB0F}.Release|Any CPU.Build.0 = Release|Any CPU
	EndGlobalSection
	GlobalSection(SolutionProperties) = preSolution
		HideSolutionNode = FALSE
	EndGlobalSection
	GlobalSection(ExtensibilityGlobals) = postSolution
		SolutionGuid = {91EF32D4-331E-4353-B0A2-979E028CB88E}
	EndGlobalSection
EndGlobal
